{
  "object": {
    "pins": [
      {
        "package": "ConsoleKit",
        "repositoryURL": "https://github.com/apparata/ConsoleKit.git",
        "state": {
          "branch": "master",
          "revision": "8e2736f2d0b01fcfa3313702fdaac052a5f9ffb9",
          "version": null
        }
      },
      {
        "package": "swift-argument-parser",
        "repositoryURL": "https://github.com/apple/swift-argument-parser.git",
        "state": {
          "branch": null,
          "revision": "e394bf350e38cb100b6bc4172834770ede1b7232",
          "version": "1.0.3"
        }
      }
    ]
  },
  "version": 1
}
